
Microsoft Visual Studio Solution File, Format Version 12.00
# Visual Studio Version 16
VisualStudioVersion = 25.0.1706.12
MinimumVisualStudioVersion = 10.0.40219.1
Project("{FAE04EC0-301F-11D3-BF4B-00C04F79EFBC}") = "typeOfFuel", "typeOfFuel\typeOfFuel.csproj", "{D2CEA303-0536-444A-9DE0-2B6382662F94}"
EndProject
Global
	GlobalSection(SolutionConfigurationPlatforms) = preSolution
		Debug|Any CPU = Debug|Any CPU
		Release|Any CPU = Release|Any CPU
	EndGlobalSection
	GlobalSection(ProjectConfigurationPlatforms) = postSolution
		{D2CEA303-0536-444A-9DE0-2B6382662F94}.Debug|Any CPU.ActiveCfg = Debug|Any CPU
		{D2CEA303-0536-444A-9DE0-2B6382662F94}.Debug|Any CPU.Build.0 = Debug|Any CPU
		{D2CEA303-0536-444A-9DE0-2B6382662F94}.Release|Any CPU.ActiveCfg = Release|Any CPU
		{D2CEA303-0536-444A-9DE0-2B6382662F94}.Release|Any CPU.Build.0 = Release|Any CPU
	EndGlobalSection
	GlobalSection(SolutionProperties) = preSolution
		HideSolutionNode = FALSE
	EndGlobalSection
	GlobalSection(ExtensibilityGlobals) = postSolution
		SolutionGuid = {2FF5C7A0-261C-4F9E-8637-E83014765C99}
	EndGlobalSection
EndGlobal
